
Microsoft Visual Studio Solution File, Format Version 12.00
# Visual Studio 14
VisualStudioVersion = 14.0.25420.1
MinimumVisualStudioVersion = 10.0.40219.1
Project("{FAE04EC0-301F-11D3-BF4B-00C04F79EFBC}") = "ConsoleApplication1.1Adobe Reader in a process", "ConsoleApplication1\ConsoleApplication1.1Adobe Reader in a process.csproj", "{F9F7771E-FC30-4BDB-BA6C-35A53DE32136}"
EndProject
Project("{FAE04EC0-301F-11D3-BF4B-00C04F79EFBC}") = "ConsoleApplication2EventLog", "ConsoleApplication3\ConsoleApplication2EventLog.csproj", "{92706893-17F0-4B06-AB18-4C0619FF4D57}"
EndProject
Project("{FAE04EC0-301F-11D3-BF4B-00C04F79EFBC}") = "ConsoleApplication4PowerShell多线程", "ConsoleApplication5\ConsoleApplication4PowerShell多线程.csproj", "{30A0BC42-7F40-4723-BA72-431C490EBD6F}"
EndProject
Project("{FAE04EC0-301F-11D3-BF4B-00C04F79EFBC}") = "WebApplication5Xml自定义配置文件", "WebApplication1\WebApplication5Xml自定义配置文件.csproj", "{9CC5C3D0-04BD-42FB-A102-4A84B292B664}"
EndProject
Project("{FAE04EC0-301F-11D3-BF4B-00C04F79EFBC}") = "WindowsFormsApplication7进度条、背景任务控件", "WindowsFormsApplication1\WindowsFormsApplication7进度条、背景任务控件.csproj", "{D9F6F9C5-3E13-4D0C-A4E0-CC6229F5E093}"
EndProject
Project("{FAE04EC0-301F-11D3-BF4B-00C04F79EFBC}") = "ConsoleApplication8bitarray测占内存大小MemoryStream", "ConsoleApplication8bitarray\ConsoleApplication8bitarray测占内存大小MemoryStream.csproj", "{858AF198-FD45-4ADA-A0D1-4CDD2279AD69}"
EndProject
Project("{FAE04EC0-301F-11D3-BF4B-00C04F79EFBC}") = "ConsoleApplication9小学生作业，循环输出", "ConsoleApplication7\ConsoleApplication9小学生作业，循环输出.csproj", "{781A6781-B51B-4C7F-8533-773F986843B4}"
EndProject
Project("{FAE04EC0-301F-11D3-BF4B-00C04F79EFBC}") = "ConsoleApplication10googleapi", "ConsoleApplication8\ConsoleApplication10googleapi.csproj", "{404CF40F-EBA0-4C43-9FB0-81649220CD1A}"
EndProject
Project("{FAE04EC0-301F-11D3-BF4B-00C04F79EFBC}") = "ConsoleApplication9", "ConsoleApplication9\ConsoleApplication9.csproj", "{5A62C595-2D30-4600-B2AC-84FF0CFCB1A3}"
EndProject
Project("{FAE04EC0-301F-11D3-BF4B-00C04F79EFBC}") = "ConsoleApplication7 c++dll加载", "ConsoleApplication10\ConsoleApplication7 c++dll加载.csproj", "{B77184B3-4E47-4641-AB40-49DE4EED127D}"
EndProject
Project("{FAE04EC0-301F-11D3-BF4B-00C04F79EFBC}") = "ConsoleApplication7", "ConsoleApplication11\ConsoleApplication7.csproj", "{E40C717C-429E-4975-AEED-ED4CE9438E3A}"
EndProject
Project("{FAE04EC0-301F-11D3-BF4B-00C04F79EFBC}") = "WebApplication10插入行文件中，读写流streamreader", "WebApplication2\WebApplication10插入行文件中，读写流streamreader.csproj", "{CCD59DF2-F7B8-4DA4-AA18-F7951C2B9AAC}"
EndProject
Project("{FAE04EC0-301F-11D3-BF4B-00C04F79EFBC}") = "ConsoleApplication12XML读", "ConsoleApplication13\ConsoleApplication12XML读.csproj", "{0F564598-0983-454F-8A7F-BD48EB991F17}"
EndProject
Project("{FAE04EC0-301F-11D3-BF4B-00C04F79EFBC}") = "WindowsFormsApplication13DragDrop拖拽修改权限问题", "WindowsFormDragDrop\WindowsFormsApplication13DragDrop拖拽修改权限问题.csproj", "{634DFBC3-95FD-4622-A0E7-DC01F4DCBBEA}"
EndProject
Project("{FAE04EC0-301F-11D3-BF4B-00C04F79EFBC}") = "ConsoleApplication14与java相等的加密", "ConsoleApplication14与java相等的加密\ConsoleApplication14与java相等的加密.csproj", "{166B8FF6-5825-4FF5-B8D2-537B1606B329}"
EndProject
Project("{FAE04EC0-301F-11D3-BF4B-00C04F79EFBC}") = "ConsoleApplication15java 加密", "ConsoleApplication15\ConsoleApplication15java 加密.csproj", "{CD3B7572-5999-4213-AEBC-2AD280F8BD1C}"
EndProject
Project("{FAE04EC0-301F-11D3-BF4B-00C04F79EFBC}") = "WebApplication14签名", "WebApplication3\WebApplication14签名.csproj", "{1BCB842C-8F57-4967-9D67-85F899B13973}"
EndProject
Project("{FAE04EC0-301F-11D3-BF4B-00C04F79EFBC}") = "ConsoleApplication16小学生数组", "ConsoleApplication17\ConsoleApplication16小学生数组.csproj", "{2CBC2741-1F4E-4F2A-BE45-60515F7B9B9F}"
EndProject
Project("{FAE04EC0-301F-11D3-BF4B-00C04F79EFBC}") = "WcfService17小案例", "WcfService1\WcfService17小案例.csproj", "{9E6DE109-6A2F-483A-AD6D-69B74DE00594}"
EndProject
Project("{F184B08F-C81C-45F6-A57F-5ABD9991F28F}") = "ClassLibrary18 vb引用", "ClassLibrary2\ClassLibrary18 vb引用.vbproj", "{81AB16A3-A4FE-4D9C-9E00-1B8328927A59}"
EndProject
Project("{FAE04EC0-301F-11D3-BF4B-00C04F79EFBC}") = "ConsoleApplication18 vb引用", "ConsoleApplication19\ConsoleApplication18 vb引用.csproj", "{FBEEC43A-0721-4A07-A57B-3B4D22E3D333}"
EndProject
Project("{FAE04EC0-301F-11D3-BF4B-00C04F79EFBC}") = "WebApplication17 序列化json", "WebApplication8\WebApplication17 序列化json.csproj", "{7F561804-82A2-4689-93F8-7CDE6FFAAA6E}"
EndProject
Project("{FAE04EC0-301F-11D3-BF4B-00C04F79EFBC}") = "ClassLibrary3", "ClassLibrary3\ClassLibrary3.csproj", "{3BEBA4E4-76A9-4195-8FB6-7C84057A502E}"
EndProject
Project("{FAE04EC0-301F-11D3-BF4B-00C04F79EFBC}") = "ConsoleApplication19ftp 提高下载速度", "ConsoleApplication20\ConsoleApplication19ftp 提高下载速度.csproj", "{4F9D41B6-928F-44CA-B33B-944A28EEB8DC}"
EndProject
Project("{FAE04EC0-301F-11D3-BF4B-00C04F79EFBC}") = "WebApplication22html空格", "WebApplication9\WebApplication22html空格.csproj", "{FB1D3F18-65BB-493C-8BEC-715888EFD510}"
EndProject
Project("{FAE04EC0-301F-11D3-BF4B-00C04F79EFBC}") = "WindowsFormsApplication19ftp提高下载速度", "WindowsFormsApplication2\WindowsFormsApplication19ftp提高下载速度.csproj", "{310406D9-54C1-409C-84E8-FA84677A6E01}"
EndProject
Project("{FAE04EC0-301F-11D3-BF4B-00C04F79EFBC}") = "WebApplication21生成图片", "WebApplication10\WebApplication21生成图片.csproj", "{3BBB8E6E-FB13-4076-B018-6E951E1E842F}"
EndProject
Project("{FAE04EC0-301F-11D3-BF4B-00C04F79EFBC}") = "ClassLibrary4", "ClassLibrary4\ClassLibrary4.csproj", "{6D77B9CD-F525-4789-B8AE-62DB165C9FF9}"
EndProject
Project("{FAE04EC0-301F-11D3-BF4B-00C04F79EFBC}") = "ConsoleApplication25", "ConsoleApplication21\ConsoleApplication25.csproj", "{A336DABF-C97A-4963-891A-2F3BBE4B6D29}"
EndProject
Project("{FAE04EC0-301F-11D3-BF4B-00C04F79EFBC}") = "ConsoleApplication22", "ConsoleApplication22\ConsoleApplication22.csproj", "{193B266A-757C-4F78-ABAF-FB1E4DB77669}"
EndProject
Global
	GlobalSection(SolutionConfigurationPlatforms) = preSolution
		Debug|Any CPU = Debug|Any CPU
		Debug|x64 = Debug|x64
		Debug|x86 = Debug|x86
		Release|Any CPU = Release|Any CPU
		Release|x64 = Release|x64
		Release|x86 = Release|x86
	EndGlobalSection
	GlobalSection(ProjectConfigurationPlatforms) = postSolution
		{F9F7771E-FC30-4BDB-BA6C-35A53DE32136}.Debug|Any CPU.ActiveCfg = Debug|Any CPU
		{F9F7771E-FC30-4BDB-BA6C-35A53DE32136}.Debug|Any CPU.Build.0 = Debug|Any CPU
		{F9F7771E-FC30-4BDB-BA6C-35A53DE32136}.Debug|x64.ActiveCfg = Debug|Any CPU
		{F9F7771E-FC30-4BDB-BA6C-35A53DE32136}.Debug|x64.Build.0 = Debug|Any CPU
		{F9F7771E-FC30-4BDB-BA6C-35A53DE32136}.Debug|x86.ActiveCfg = Debug|Any CPU
		{F9F7771E-FC30-4BDB-BA6C-35A53DE32136}.Debug|x86.Build.0 = Debug|Any CPU
		{F9F7771E-FC30-4BDB-BA6C-35A53DE32136}.Release|Any CPU.ActiveCfg = Release|Any CPU
		{F9F7771E-FC30-4BDB-BA6C-35A53DE32136}.Release|Any CPU.Build.0 = Release|Any CPU
		{F9F7771E-FC30-4BDB-BA6C-35A53DE32136}.Release|x64.ActiveCfg = Release|Any CPU
		{F9F7771E-FC30-4BDB-BA6C-35A53DE32136}.Release|x64.Build.0 = Release|Any CPU
		{F9F7771E-FC30-4BDB-BA6C-35A53DE32136}.Release|x86.ActiveCfg = Release|Any CPU
		{F9F7771E-FC30-4BDB-BA6C-35A53DE32136}.Release|x86.Build.0 = Release|Any CPU
		{92706893-17F0-4B06-AB18-4C0619FF4D57}.Debug|Any CPU.ActiveCfg = Debug|Any CPU
		{92706893-17F0-4B06-AB18-4C0619FF4D57}.Debug|Any CPU.Build.0 = Debug|Any CPU
		{92706893-17F0-4B06-AB18-4C0619FF4D57}.Debug|x64.ActiveCfg = Debug|Any CPU
		{92706893-17F0-4B06-AB18-4C0619FF4D57}.Debug|x64.Build.0 = Debug|Any CPU
		{92706893-17F0-4B06-AB18-4C0619FF4D57}.Debug|x86.ActiveCfg = Debug|Any CPU
		{92706893-17F0-4B06-AB18-4C0619FF4D57}.Debug|x86.Build.0 = Debug|Any CPU
		{92706893-17F0-4B06-AB18-4C0619FF4D57}.Release|Any CPU.ActiveCfg = Release|Any CPU
		{92706893-17F0-4B06-AB18-4C0619FF4D57}.Release|Any CPU.Build.0 = Release|Any CPU
		{92706893-17F0-4B06-AB18-4C0619FF4D57}.Release|x64.ActiveCfg = Release|Any CPU
		{92706893-17F0-4B06-AB18-4C0619FF4D57}.Release|x64.Build.0 = Release|Any CPU
		{92706893-17F0-4B06-AB18-4C0619FF4D57}.Release|x86.ActiveCfg = Release|Any CPU
		{92706893-17F0-4B06-AB18-4C0619FF4D57}.Release|x86.Build.0 = Release|Any CPU
		{30A0BC42-7F40-4723-BA72-431C490EBD6F}.Debug|Any CPU.ActiveCfg = Debug|Any CPU
		{30A0BC42-7F40-4723-BA72-431C490EBD6F}.Debug|Any CPU.Build.0 = Debug|Any CPU
		{30A0BC42-7F40-4723-BA72-431C490EBD6F}.Debug|x64.ActiveCfg = Debug|Any CPU
		{30A0BC42-7F40-4723-BA72-431C490EBD6F}.Debug|x64.Build.0 = Debug|Any CPU
		{30A0BC42-7F40-4723-BA72-431C490EBD6F}.Debug|x86.ActiveCfg = Debug|Any CPU
		{30A0BC42-7F40-4723-BA72-431C490EBD6F}.Debug|x86.Build.0 = Debug|Any CPU
		{30A0BC42-7F40-4723-BA72-431C490EBD6F}.Release|Any CPU.ActiveCfg = Release|Any CPU
		{30A0BC42-7F40-4723-BA72-431C490EBD6F}.Release|Any CPU.Build.0 = Release|Any CPU
		{30A0BC42-7F40-4723-BA72-431C490EBD6F}.Release|x64.ActiveCfg = Release|Any CPU
		{30A0BC42-7F40-4723-BA72-431C490EBD6F}.Release|x64.Build.0 = Release|Any CPU
		{30A0BC42-7F40-4723-BA72-431C490EBD6F}.Release|x86.ActiveCfg = Release|Any CPU
		{30A0BC42-7F40-4723-BA72-431C490EBD6F}.Release|x86.Build.0 = Release|Any CPU
		{9CC5C3D0-04BD-42FB-A102-4A84B292B664}.Debug|Any CPU.ActiveCfg = Debug|Any CPU
		{9CC5C3D0-04BD-42FB-A102-4A84B292B664}.Debug|Any CPU.Build.0 = Debug|Any CPU
		{9CC5C3D0-04BD-42FB-A102-4A84B292B664}.Debug|x64.ActiveCfg = Debug|Any CPU
		{9CC5C3D0-04BD-42FB-A102-4A84B292B664}.Debug|x64.Build.0 = Debug|Any CPU
		{9CC5C3D0-04BD-42FB-A102-4A84B292B664}.Debug|x86.ActiveCfg = Debug|Any CPU
		{9CC5C3D0-04BD-42FB-A102-4A84B292B664}.Debug|x86.Build.0 = Debug|Any CPU
		{9CC5C3D0-04BD-42FB-A102-4A84B292B664}.Release|Any CPU.ActiveCfg = Release|Any CPU
		{9CC5C3D0-04BD-42FB-A102-4A84B292B664}.Release|Any CPU.Build.0 = Release|Any CPU
		{9CC5C3D0-04BD-42FB-A102-4A84B292B664}.Release|x64.ActiveCfg = Release|Any CPU
		{9CC5C3D0-04BD-42FB-A102-4A84B292B664}.Release|x64.Build.0 = Release|Any CPU
		{9CC5C3D0-04BD-42FB-A102-4A84B292B664}.Release|x86.ActiveCfg = Release|Any CPU
		{9CC5C3D0-04BD-42FB-A102-4A84B292B664}.Release|x86.Build.0 = Release|Any CPU
		{D9F6F9C5-3E13-4D0C-A4E0-CC6229F5E093}.Debug|Any CPU.ActiveCfg = Debug|Any CPU
		{D9F6F9C5-3E13-4D0C-A4E0-CC6229F5E093}.Debug|Any CPU.Build.0 = Debug|Any CPU
		{D9F6F9C5-3E13-4D0C-A4E0-CC6229F5E093}.Debug|x64.ActiveCfg = Debug|Any CPU
		{D9F6F9C5-3E13-4D0C-A4E0-CC6229F5E093}.Debug|x64.Build.0 = Debug|Any CPU
		{D9F6F9C5-3E13-4D0C-A4E0-CC6229F5E093}.Debug|x86.ActiveCfg = Debug|Any CPU
		{D9F6F9C5-3E13-4D0C-A4E0-CC6229F5E093}.Debug|x86.Build.0 = Debug|Any CPU
		{D9F6F9C5-3E13-4D0C-A4E0-CC6229F5E093}.Release|Any CPU.ActiveCfg = Release|Any CPU
		{D9F6F9C5-3E13-4D0C-A4E0-CC6229F5E093}.Release|Any CPU.Build.0 = Release|Any CPU
		{D9F6F9C5-3E13-4D0C-A4E0-CC6229F5E093}.Release|x64.ActiveCfg = Release|Any CPU
		{D9F6F9C5-3E13-4D0C-A4E0-CC6229F5E093}.Release|x64.Build.0 = Release|Any CPU
		{D9F6F9C5-3E13-4D0C-A4E0-CC6229F5E093}.Release|x86.ActiveCfg = Release|Any CPU
		{D9F6F9C5-3E13-4D0C-A4E0-CC6229F5E093}.Release|x86.Build.0 = Release|Any CPU
		{858AF198-FD45-4ADA-A0D1-4CDD2279AD69}.Debug|Any CPU.ActiveCfg = Debug|Any CPU
		{858AF198-FD45-4ADA-A0D1-4CDD2279AD69}.Debug|Any CPU.Build.0 = Debug|Any CPU
		{858AF198-FD45-4ADA-A0D1-4CDD2279AD69}.Debug|x64.ActiveCfg = Debug|Any CPU
		{858AF198-FD45-4ADA-A0D1-4CDD2279AD69}.Debug|x64.Build.0 = Debug|Any CPU
		{858AF198-FD45-4ADA-A0D1-4CDD2279AD69}.Debug|x86.ActiveCfg = Debug|Any CPU
		{858AF198-FD45-4ADA-A0D1-4CDD2279AD69}.Debug|x86.Build.0 = Debug|Any CPU
		{858AF198-FD45-4ADA-A0D1-4CDD2279AD69}.Release|Any CPU.ActiveCfg = Release|Any CPU
		{858AF198-FD45-4ADA-A0D1-4CDD2279AD69}.Release|Any CPU.Build.0 = Release|Any CPU
		{858AF198-FD45-4ADA-A0D1-4CDD2279AD69}.Release|x64.ActiveCfg = Release|Any CPU
		{858AF198-FD45-4ADA-A0D1-4CDD2279AD69}.Release|x64.Build.0 = Release|Any CPU
		{858AF198-FD45-4ADA-A0D1-4CDD2279AD69}.Release|x86.ActiveCfg = Release|Any CPU
		{858AF198-FD45-4ADA-A0D1-4CDD2279AD69}.Release|x86.Build.0 = Release|Any CPU
		{781A6781-B51B-4C7F-8533-773F986843B4}.Debug|Any CPU.ActiveCfg = Debug|Any CPU
		{781A6781-B51B-4C7F-8533-773F986843B4}.Debug|Any CPU.Build.0 = Debug|Any CPU
		{781A6781-B51B-4C7F-8533-773F986843B4}.Debug|x64.ActiveCfg = Debug|Any CPU
		{781A6781-B51B-4C7F-8533-773F986843B4}.Debug|x64.Build.0 = Debug|Any CPU
		{781A6781-B51B-4C7F-8533-773F986843B4}.Debug|x86.ActiveCfg = Debug|Any CPU
		{781A6781-B51B-4C7F-8533-773F986843B4}.Debug|x86.Build.0 = Debug|Any CPU
		{781A6781-B51B-4C7F-8533-773F986843B4}.Release|Any CPU.ActiveCfg = Release|Any CPU
		{781A6781-B51B-4C7F-8533-773F986843B4}.Release|Any CPU.Build.0 = Release|Any CPU
		{781A6781-B51B-4C7F-8533-773F986843B4}.Release|x64.ActiveCfg = Release|Any CPU
		{781A6781-B51B-4C7F-8533-773F986843B4}.Release|x64.Build.0 = Release|Any CPU
		{781A6781-B51B-4C7F-8533-773F986843B4}.Release|x86.ActiveCfg = Release|Any CPU
		{781A6781-B51B-4C7F-8533-773F986843B4}.Release|x86.Build.0 = Release|Any CPU
		{404CF40F-EBA0-4C43-9FB0-81649220CD1A}.Debug|Any CPU.ActiveCfg = Debug|Any CPU
		{404CF40F-EBA0-4C43-9FB0-81649220CD1A}.Debug|Any CPU.Build.0 = Debug|Any CPU
		{404CF40F-EBA0-4C43-9FB0-81649220CD1A}.Debug|x64.ActiveCfg = Debug|Any CPU
		{404CF40F-EBA0-4C43-9FB0-81649220CD1A}.Debug|x64.Build.0 = Debug|Any CPU
		{404CF40F-EBA0-4C43-9FB0-81649220CD1A}.Debug|x86.ActiveCfg = Debug|Any CPU
		{404CF40F-EBA0-4C43-9FB0-81649220CD1A}.Debug|x86.Build.0 = Debug|Any CPU
		{404CF40F-EBA0-4C43-9FB0-81649220CD1A}.Release|Any CPU.ActiveCfg = Release|Any CPU
		{404CF40F-EBA0-4C43-9FB0-81649220CD1A}.Release|Any CPU.Build.0 = Release|Any CPU
		{404CF40F-EBA0-4C43-9FB0-81649220CD1A}.Release|x64.ActiveCfg = Release|Any CPU
		{404CF40F-EBA0-4C43-9FB0-81649220CD1A}.Release|x64.Build.0 = Release|Any CPU
		{404CF40F-EBA0-4C43-9FB0-81649220CD1A}.Release|x86.ActiveCfg = Release|Any CPU
		{404CF40F-EBA0-4C43-9FB0-81649220CD1A}.Release|x86.Build.0 = Release|Any CPU
		{5A62C595-2D30-4600-B2AC-84FF0CFCB1A3}.Debug|Any CPU.ActiveCfg = Debug|Any CPU
		{5A62C595-2D30-4600-B2AC-84FF0CFCB1A3}.Debug|Any CPU.Build.0 = Debug|Any CPU
		{5A62C595-2D30-4600-B2AC-84FF0CFCB1A3}.Debug|x64.ActiveCfg = Debug|Any CPU
		{5A62C595-2D30-4600-B2AC-84FF0CFCB1A3}.Debug|x64.Build.0 = Debug|Any CPU
		{5A62C595-2D30-4600-B2AC-84FF0CFCB1A3}.Debug|x86.ActiveCfg = Debug|Any CPU
		{5A62C595-2D30-4600-B2AC-84FF0CFCB1A3}.Debug|x86.Build.0 = Debug|Any CPU
		{5A62C595-2D30-4600-B2AC-84FF0CFCB1A3}.Release|Any CPU.ActiveCfg = Release|Any CPU
		{5A62C595-2D30-4600-B2AC-84FF0CFCB1A3}.Release|Any CPU.Build.0 = Release|Any CPU
		{5A62C595-2D30-4600-B2AC-84FF0CFCB1A3}.Release|x64.ActiveCfg = Release|Any CPU
		{5A62C595-2D30-4600-B2AC-84FF0CFCB1A3}.Release|x64.Build.0 = Release|Any CPU
		{5A62C595-2D30-4600-B2AC-84FF0CFCB1A3}.Release|x86.ActiveCfg = Release|Any CPU
		{5A62C595-2D30-4600-B2AC-84FF0CFCB1A3}.Release|x86.Build.0 = Release|Any CPU
		{B77184B3-4E47-4641-AB40-49DE4EED127D}.Debug|Any CPU.ActiveCfg = Debug|Any CPU
		{B77184B3-4E47-4641-AB40-49DE4EED127D}.Debug|Any CPU.Build.0 = Debug|Any CPU
		{B77184B3-4E47-4641-AB40-49DE4EED127D}.Debug|x64.ActiveCfg = Debug|Any CPU
		{B77184B3-4E47-4641-AB40-49DE4EED127D}.Debug|x64.Build.0 = Debug|Any CPU
		{B77184B3-4E47-4641-AB40-49DE4EED127D}.Debug|x86.ActiveCfg = Debug|Any CPU
		{B77184B3-4E47-4641-AB40-49DE4EED127D}.Debug|x86.Build.0 = Debug|Any CPU
		{B77184B3-4E47-4641-AB40-49DE4EED127D}.Release|Any CPU.ActiveCfg = Release|Any CPU
		{B77184B3-4E47-4641-AB40-49DE4EED127D}.Release|Any CPU.Build.0 = Release|Any CPU
		{B77184B3-4E47-4641-AB40-49DE4EED127D}.Release|x64.ActiveCfg = Release|Any CPU
		{B77184B3-4E47-4641-AB40-49DE4EED127D}.Release|x64.Build.0 = Release|Any CPU
		{B77184B3-4E47-4641-AB40-49DE4EED127D}.Release|x86.ActiveCfg = Release|Any CPU
		{B77184B3-4E47-4641-AB40-49DE4EED127D}.Release|x86.Build.0 = Release|Any CPU
		{E40C717C-429E-4975-AEED-ED4CE9438E3A}.Debug|Any CPU.ActiveCfg = Debug|Any CPU
		{E40C717C-429E-4975-AEED-ED4CE9438E3A}.Debug|Any CPU.Build.0 = Debug|Any CPU
		{E40C717C-429E-4975-AEED-ED4CE9438E3A}.Debug|x64.ActiveCfg = Debug|Any CPU
		{E40C717C-429E-4975-AEED-ED4CE9438E3A}.Debug|x64.Build.0 = Debug|Any CPU
		{E40C717C-429E-4975-AEED-ED4CE9438E3A}.Debug|x86.ActiveCfg = Debug|Any CPU
		{E40C717C-429E-4975-AEED-ED4CE9438E3A}.Debug|x86.Build.0 = Debug|Any CPU
		{E40C717C-429E-4975-AEED-ED4CE9438E3A}.Release|Any CPU.ActiveCfg = Release|Any CPU
		{E40C717C-429E-4975-AEED-ED4CE9438E3A}.Release|Any CPU.Build.0 = Release|Any CPU
		{E40C717C-429E-4975-AEED-ED4CE9438E3A}.Release|x64.ActiveCfg = Release|Any CPU
		{E40C717C-429E-4975-AEED-ED4CE9438E3A}.Release|x64.Build.0 = Release|Any CPU
		{E40C717C-429E-4975-AEED-ED4CE9438E3A}.Release|x86.ActiveCfg = Release|Any CPU
		{E40C717C-429E-4975-AEED-ED4CE9438E3A}.Release|x86.Build.0 = Release|Any CPU
		{CCD59DF2-F7B8-4DA4-AA18-F7951C2B9AAC}.Debug|Any CPU.ActiveCfg = Debug|Any CPU
		{CCD59DF2-F7B8-4DA4-AA18-F7951C2B9AAC}.Debug|Any CPU.Build.0 = Debug|Any CPU
		{CCD59DF2-F7B8-4DA4-AA18-F7951C2B9AAC}.Debug|x64.ActiveCfg = Debug|Any CPU
		{CCD59DF2-F7B8-4DA4-AA18-F7951C2B9AAC}.Debug|x64.Build.0 = Debug|Any CPU
		{CCD59DF2-F7B8-4DA4-AA18-F7951C2B9AAC}.Debug|x86.ActiveCfg = Debug|Any CPU
		{CCD59DF2-F7B8-4DA4-AA18-F7951C2B9AAC}.Debug|x86.Build.0 = Debug|Any CPU
		{CCD59DF2-F7B8-4DA4-AA18-F7951C2B9AAC}.Release|Any CPU.ActiveCfg = Release|Any CPU
		{CCD59DF2-F7B8-4DA4-AA18-F7951C2B9AAC}.Release|Any CPU.Build.0 = Release|Any CPU
		{CCD59DF2-F7B8-4DA4-AA18-F7951C2B9AAC}.Release|x64.ActiveCfg = Release|Any CPU
		{CCD59DF2-F7B8-4DA4-AA18-F7951C2B9AAC}.Release|x64.Build.0 = Release|Any CPU
		{CCD59DF2-F7B8-4DA4-AA18-F7951C2B9AAC}.Release|x86.ActiveCfg = Release|Any CPU
		{CCD59DF2-F7B8-4DA4-AA18-F7951C2B9AAC}.Release|x86.Build.0 = Release|Any CPU
		{0F564598-0983-454F-8A7F-BD48EB991F17}.Debug|Any CPU.ActiveCfg = Debug|Any CPU
		{0F564598-0983-454F-8A7F-BD48EB991F17}.Debug|Any CPU.Build.0 = Debug|Any CPU
		{0F564598-0983-454F-8A7F-BD48EB991F17}.Debug|x64.ActiveCfg = Debug|Any CPU
		{0F564598-0983-454F-8A7F-BD48EB991F17}.Debug|x64.Build.0 = Debug|Any CPU
		{0F564598-0983-454F-8A7F-BD48EB991F17}.Debug|x86.ActiveCfg = Debug|Any CPU
		{0F564598-0983-454F-8A7F-BD48EB991F17}.Debug|x86.Build.0 = Debug|Any CPU
		{0F564598-0983-454F-8A7F-BD48EB991F17}.Release|Any CPU.ActiveCfg = Release|Any CPU
		{0F564598-0983-454F-8A7F-BD48EB991F17}.Release|Any CPU.Build.0 = Release|Any CPU
		{0F564598-0983-454F-8A7F-BD48EB991F17}.Release|x64.ActiveCfg = Release|Any CPU
		{0F564598-0983-454F-8A7F-BD48EB991F17}.Release|x64.Build.0 = Release|Any CPU
		{0F564598-0983-454F-8A7F-BD48EB991F17}.Release|x86.ActiveCfg = Release|Any CPU
		{0F564598-0983-454F-8A7F-BD48EB991F17}.Release|x86.Build.0 = Release|Any CPU
		{634DFBC3-95FD-4622-A0E7-DC01F4DCBBEA}.Debug|Any CPU.ActiveCfg = Debug|Any CPU
		{634DFBC3-95FD-4622-A0E7-DC01F4DCBBEA}.Debug|Any CPU.Build.0 = Debug|Any CPU
		{634DFBC3-95FD-4622-A0E7-DC01F4DCBBEA}.Debug|x64.ActiveCfg = Debug|Any CPU
		{634DFBC3-95FD-4622-A0E7-DC01F4DCBBEA}.Debug|x64.Build.0 = Debug|Any CPU
		{634DFBC3-95FD-4622-A0E7-DC01F4DCBBEA}.Debug|x86.ActiveCfg = Debug|Any CPU
		{634DFBC3-95FD-4622-A0E7-DC01F4DCBBEA}.Debug|x86.Build.0 = Debug|Any CPU
		{634DFBC3-95FD-4622-A0E7-DC01F4DCBBEA}.Release|Any CPU.ActiveCfg = Release|Any CPU
		{634DFBC3-95FD-4622-A0E7-DC01F4DCBBEA}.Release|Any CPU.Build.0 = Release|Any CPU
		{634DFBC3-95FD-4622-A0E7-DC01F4DCBBEA}.Release|x64.ActiveCfg = Release|Any CPU
		{634DFBC3-95FD-4622-A0E7-DC01F4DCBBEA}.Release|x64.Build.0 = Release|Any CPU
		{634DFBC3-95FD-4622-A0E7-DC01F4DCBBEA}.Release|x86.ActiveCfg = Release|Any CPU
		{634DFBC3-95FD-4622-A0E7-DC01F4DCBBEA}.Release|x86.Build.0 = Release|Any CPU
		{166B8FF6-5825-4FF5-B8D2-537B1606B329}.Debug|Any CPU.ActiveCfg = Debug|Any CPU
		{166B8FF6-5825-4FF5-B8D2-537B1606B329}.Debug|Any CPU.Build.0 = Debug|Any CPU
		{166B8FF6-5825-4FF5-B8D2-537B1606B329}.Debug|x64.ActiveCfg = Debug|Any CPU
		{166B8FF6-5825-4FF5-B8D2-537B1606B329}.Debug|x64.Build.0 = Debug|Any CPU
		{166B8FF6-5825-4FF5-B8D2-537B1606B329}.Debug|x86.ActiveCfg = Debug|Any CPU
		{166B8FF6-5825-4FF5-B8D2-537B1606B329}.Debug|x86.Build.0 = Debug|Any CPU
		{166B8FF6-5825-4FF5-B8D2-537B1606B329}.Release|Any CPU.ActiveCfg = Release|Any CPU
		{166B8FF6-5825-4FF5-B8D2-537B1606B329}.Release|Any CPU.Build.0 = Release|Any CPU
		{166B8FF6-5825-4FF5-B8D2-537B1606B329}.Release|x64.ActiveCfg = Release|Any CPU
		{166B8FF6-5825-4FF5-B8D2-537B1606B329}.Release|x64.Build.0 = Release|Any CPU
		{166B8FF6-5825-4FF5-B8D2-537B1606B329}.Release|x86.ActiveCfg = Release|Any CPU
		{166B8FF6-5825-4FF5-B8D2-537B1606B329}.Release|x86.Build.0 = Release|Any CPU
		{CD3B7572-5999-4213-AEBC-2AD280F8BD1C}.Debug|Any CPU.ActiveCfg = Debug|Any CPU
		{CD3B7572-5999-4213-AEBC-2AD280F8BD1C}.Debug|Any CPU.Build.0 = Debug|Any CPU
		{CD3B7572-5999-4213-AEBC-2AD280F8BD1C}.Debug|x64.ActiveCfg = Debug|Any CPU
		{CD3B7572-5999-4213-AEBC-2AD280F8BD1C}.Debug|x64.Build.0 = Debug|Any CPU
		{CD3B7572-5999-4213-AEBC-2AD280F8BD1C}.Debug|x86.ActiveCfg = Debug|Any CPU
		{CD3B7572-5999-4213-AEBC-2AD280F8BD1C}.Debug|x86.Build.0 = Debug|Any CPU
		{CD3B7572-5999-4213-AEBC-2AD280F8BD1C}.Release|Any CPU.ActiveCfg = Release|Any CPU
		{CD3B7572-5999-4213-AEBC-2AD280F8BD1C}.Release|Any CPU.Build.0 = Release|Any CPU
		{CD3B7572-5999-4213-AEBC-2AD280F8BD1C}.Release|x64.ActiveCfg = Release|Any CPU
		{CD3B7572-5999-4213-AEBC-2AD280F8BD1C}.Release|x64.Build.0 = Release|Any CPU
		{CD3B7572-5999-4213-AEBC-2AD280F8BD1C}.Release|x86.ActiveCfg = Release|Any CPU
		{CD3B7572-5999-4213-AEBC-2AD280F8BD1C}.Release|x86.Build.0 = Release|Any CPU
		{1BCB842C-8F57-4967-9D67-85F899B13973}.Debug|Any CPU.ActiveCfg = Debug|Any CPU
		{1BCB842C-8F57-4967-9D67-85F899B13973}.Debug|Any CPU.Build.0 = Debug|Any CPU
		{1BCB842C-8F57-4967-9D67-85F899B13973}.Debug|x64.ActiveCfg = Debug|Any CPU
		{1BCB842C-8F57-4967-9D67-85F899B13973}.Debug|x64.Build.0 = Debug|Any CPU
		{1BCB842C-8F57-4967-9D67-85F899B13973}.Debug|x86.ActiveCfg = Debug|Any CPU
		{1BCB842C-8F57-4967-9D67-85F899B13973}.Debug|x86.Build.0 = Debug|Any CPU
		{1BCB842C-8F57-4967-9D67-85F899B13973}.Release|Any CPU.ActiveCfg = Release|Any CPU
		{1BCB842C-8F57-4967-9D67-85F899B13973}.Release|Any CPU.Build.0 = Release|Any CPU
		{1BCB842C-8F57-4967-9D67-85F899B13973}.Release|x64.ActiveCfg = Release|Any CPU
		{1BCB842C-8F57-4967-9D67-85F899B13973}.Release|x64.Build.0 = Release|Any CPU
		{1BCB842C-8F57-4967-9D67-85F899B13973}.Release|x86.ActiveCfg = Release|Any CPU
		{1BCB842C-8F57-4967-9D67-85F899B13973}.Release|x86.Build.0 = Release|Any CPU
		{2CBC2741-1F4E-4F2A-BE45-60515F7B9B9F}.Debug|Any CPU.ActiveCfg = Debug|Any CPU
		{2CBC2741-1F4E-4F2A-BE45-60515F7B9B9F}.Debug|Any CPU.Build.0 = Debug|Any CPU
		{2CBC2741-1F4E-4F2A-BE45-60515F7B9B9F}.Debug|x64.ActiveCfg = Debug|Any CPU
		{2CBC2741-1F4E-4F2A-BE45-60515F7B9B9F}.Debug|x64.Build.0 = Debug|Any CPU
		{2CBC2741-1F4E-4F2A-BE45-60515F7B9B9F}.Debug|x86.ActiveCfg = Debug|Any CPU
		{2CBC2741-1F4E-4F2A-BE45-60515F7B9B9F}.Debug|x86.Build.0 = Debug|Any CPU
		{2CBC2741-1F4E-4F2A-BE45-60515F7B9B9F}.Release|Any CPU.ActiveCfg = Release|Any CPU
		{2CBC2741-1F4E-4F2A-BE45-60515F7B9B9F}.Release|Any CPU.Build.0 = Release|Any CPU
		{2CBC2741-1F4E-4F2A-BE45-60515F7B9B9F}.Release|x64.ActiveCfg = Release|Any CPU
		{2CBC2741-1F4E-4F2A-BE45-60515F7B9B9F}.Release|x64.Build.0 = Release|Any CPU
		{2CBC2741-1F4E-4F2A-BE45-60515F7B9B9F}.Release|x86.ActiveCfg = Release|Any CPU
		{2CBC2741-1F4E-4F2A-BE45-60515F7B9B9F}.Release|x86.Build.0 = Release|Any CPU
		{9E6DE109-6A2F-483A-AD6D-69B74DE00594}.Debug|Any CPU.ActiveCfg = Debug|Any CPU
		{9E6DE109-6A2F-483A-AD6D-69B74DE00594}.Debug|Any CPU.Build.0 = Debug|Any CPU
		{9E6DE109-6A2F-483A-AD6D-69B74DE00594}.Debug|x64.ActiveCfg = Debug|Any CPU
		{9E6DE109-6A2F-483A-AD6D-69B74DE00594}.Debug|x64.Build.0 = Debug|Any CPU
		{9E6DE109-6A2F-483A-AD6D-69B74DE00594}.Debug|x86.ActiveCfg = Debug|Any CPU
		{9E6DE109-6A2F-483A-AD6D-69B74DE00594}.Debug|x86.Build.0 = Debug|Any CPU
		{9E6DE109-6A2F-483A-AD6D-69B74DE00594}.Release|Any CPU.ActiveCfg = Release|Any CPU
		{9E6DE109-6A2F-483A-AD6D-69B74DE00594}.Release|Any CPU.Build.0 = Release|Any CPU
		{9E6DE109-6A2F-483A-AD6D-69B74DE00594}.Release|x64.ActiveCfg = Release|Any CPU
		{9E6DE109-6A2F-483A-AD6D-69B74DE00594}.Release|x64.Build.0 = Release|Any CPU
		{9E6DE109-6A2F-483A-AD6D-69B74DE00594}.Release|x86.ActiveCfg = Release|Any CPU
		{9E6DE109-6A2F-483A-AD6D-69B74DE00594}.Release|x86.Build.0 = Release|Any CPU
		{81AB16A3-A4FE-4D9C-9E00-1B8328927A59}.Debug|Any CPU.ActiveCfg = Debug|Any CPU
		{81AB16A3-A4FE-4D9C-9E00-1B8328927A59}.Debug|Any CPU.Build.0 = Debug|Any CPU
		{81AB16A3-A4FE-4D9C-9E00-1B8328927A59}.Debug|x64.ActiveCfg = Debug|Any CPU
		{81AB16A3-A4FE-4D9C-9E00-1B8328927A59}.Debug|x64.Build.0 = Debug|Any CPU
		{81AB16A3-A4FE-4D9C-9E00-1B8328927A59}.Debug|x86.ActiveCfg = Debug|Any CPU
		{81AB16A3-A4FE-4D9C-9E00-1B8328927A59}.Debug|x86.Build.0 = Debug|Any CPU
		{81AB16A3-A4FE-4D9C-9E00-1B8328927A59}.Release|Any CPU.ActiveCfg = Release|Any CPU
		{81AB16A3-A4FE-4D9C-9E00-1B8328927A59}.Release|Any CPU.Build.0 = Release|Any CPU
		{81AB16A3-A4FE-4D9C-9E00-1B8328927A59}.Release|x64.ActiveCfg = Release|Any CPU
		{81AB16A3-A4FE-4D9C-9E00-1B8328927A59}.Release|x64.Build.0 = Release|Any CPU
		{81AB16A3-A4FE-4D9C-9E00-1B8328927A59}.Release|x86.ActiveCfg = Release|Any CPU
		{81AB16A3-A4FE-4D9C-9E00-1B8328927A59}.Release|x86.Build.0 = Release|Any CPU
		{FBEEC43A-0721-4A07-A57B-3B4D22E3D333}.Debug|Any CPU.ActiveCfg = Debug|Any CPU
		{FBEEC43A-0721-4A07-A57B-3B4D22E3D333}.Debug|Any CPU.Build.0 = Debug|Any CPU
		{FBEEC43A-0721-4A07-A57B-3B4D22E3D333}.Debug|x64.ActiveCfg = Debug|Any CPU
		{FBEEC43A-0721-4A07-A57B-3B4D22E3D333}.Debug|x64.Build.0 = Debug|Any CPU
		{FBEEC43A-0721-4A07-A57B-3B4D22E3D333}.Debug|x86.ActiveCfg = Debug|Any CPU
		{FBEEC43A-0721-4A07-A57B-3B4D22E3D333}.Debug|x86.Build.0 = Debug|Any CPU
		{FBEEC43A-0721-4A07-A57B-3B4D22E3D333}.Release|Any CPU.ActiveCfg = Release|Any CPU
		{FBEEC43A-0721-4A07-A57B-3B4D22E3D333}.Release|Any CPU.Build.0 = Release|Any CPU
		{FBEEC43A-0721-4A07-A57B-3B4D22E3D333}.Release|x64.ActiveCfg = Release|Any CPU
		{FBEEC43A-0721-4A07-A57B-3B4D22E3D333}.Release|x64.Build.0 = Release|Any CPU
		{FBEEC43A-0721-4A07-A57B-3B4D22E3D333}.Release|x86.ActiveCfg = Release|Any CPU
		{FBEEC43A-0721-4A07-A57B-3B4D22E3D333}.Release|x86.Build.0 = Release|Any CPU
		{7F561804-82A2-4689-93F8-7CDE6FFAAA6E}.Debug|Any CPU.ActiveCfg = Debug|Any CPU
		{7F561804-82A2-4689-93F8-7CDE6FFAAA6E}.Debug|Any CPU.Build.0 = Debug|Any CPU
		{7F561804-82A2-4689-93F8-7CDE6FFAAA6E}.Debug|x64.ActiveCfg = Debug|Any CPU
		{7F561804-82A2-4689-93F8-7CDE6FFAAA6E}.Debug|x64.Build.0 = Debug|Any CPU
		{7F561804-82A2-4689-93F8-7CDE6FFAAA6E}.Debug|x86.ActiveCfg = Debug|Any CPU
		{7F561804-82A2-4689-93F8-7CDE6FFAAA6E}.Debug|x86.Build.0 = Debug|Any CPU
		{7F561804-82A2-4689-93F8-7CDE6FFAAA6E}.Release|Any CPU.ActiveCfg = Release|Any CPU
		{7F561804-82A2-4689-93F8-7CDE6FFAAA6E}.Release|Any CPU.Build.0 = Release|Any CPU
		{7F561804-82A2-4689-93F8-7CDE6FFAAA6E}.Release|x64.ActiveCfg = Release|Any CPU
		{7F561804-82A2-4689-93F8-7CDE6FFAAA6E}.Release|x64.Build.0 = Release|Any CPU
		{7F561804-82A2-4689-93F8-7CDE6FFAAA6E}.Release|x86.ActiveCfg = Release|Any CPU
		{7F561804-82A2-4689-93F8-7CDE6FFAAA6E}.Release|x86.Build.0 = Release|Any CPU
		{3BEBA4E4-76A9-4195-8FB6-7C84057A502E}.Debug|Any CPU.ActiveCfg = Debug|Any CPU
		{3BEBA4E4-76A9-4195-8FB6-7C84057A502E}.Debug|Any CPU.Build.0 = Debug|Any CPU
		{3BEBA4E4-76A9-4195-8FB6-7C84057A502E}.Debug|x64.ActiveCfg = Debug|Any CPU
		{3BEBA4E4-76A9-4195-8FB6-7C84057A502E}.Debug|x64.Build.0 = Debug|Any CPU
		{3BEBA4E4-76A9-4195-8FB6-7C84057A502E}.Debug|x86.ActiveCfg = Debug|Any CPU
		{3BEBA4E4-76A9-4195-8FB6-7C84057A502E}.Debug|x86.Build.0 = Debug|Any CPU
		{3BEBA4E4-76A9-4195-8FB6-7C84057A502E}.Release|Any CPU.ActiveCfg = Release|Any CPU
		{3BEBA4E4-76A9-4195-8FB6-7C84057A502E}.Release|Any CPU.Build.0 = Release|Any CPU
		{3BEBA4E4-76A9-4195-8FB6-7C84057A502E}.Release|x64.ActiveCfg = Release|Any CPU
		{3BEBA4E4-76A9-4195-8FB6-7C84057A502E}.Release|x64.Build.0 = Release|Any CPU
		{3BEBA4E4-76A9-4195-8FB6-7C84057A502E}.Release|x86.ActiveCfg = Release|Any CPU
		{3BEBA4E4-76A9-4195-8FB6-7C84057A502E}.Release|x86.Build.0 = Release|Any CPU
		{4F9D41B6-928F-44CA-B33B-944A28EEB8DC}.Debug|Any CPU.ActiveCfg = Debug|Any CPU
		{4F9D41B6-928F-44CA-B33B-944A28EEB8DC}.Debug|Any CPU.Build.0 = Debug|Any CPU
		{4F9D41B6-928F-44CA-B33B-944A28EEB8DC}.Debug|x64.ActiveCfg = Debug|Any CPU
		{4F9D41B6-928F-44CA-B33B-944A28EEB8DC}.Debug|x64.Build.0 = Debug|Any CPU
		{4F9D41B6-928F-44CA-B33B-944A28EEB8DC}.Debug|x86.ActiveCfg = Debug|Any CPU
		{4F9D41B6-928F-44CA-B33B-944A28EEB8DC}.Debug|x86.Build.0 = Debug|Any CPU
		{4F9D41B6-928F-44CA-B33B-944A28EEB8DC}.Release|Any CPU.ActiveCfg = Release|Any CPU
		{4F9D41B6-928F-44CA-B33B-944A28EEB8DC}.Release|Any CPU.Build.0 = Release|Any CPU
		{4F9D41B6-928F-44CA-B33B-944A28EEB8DC}.Release|x64.ActiveCfg = Release|Any CPU
		{4F9D41B6-928F-44CA-B33B-944A28EEB8DC}.Release|x64.Build.0 = Release|Any CPU
		{4F9D41B6-928F-44CA-B33B-944A28EEB8DC}.Release|x86.ActiveCfg = Release|Any CPU
		{4F9D41B6-928F-44CA-B33B-944A28EEB8DC}.Release|x86.Build.0 = Release|Any CPU
		{FB1D3F18-65BB-493C-8BEC-715888EFD510}.Debug|Any CPU.ActiveCfg = Debug|Any CPU
		{FB1D3F18-65BB-493C-8BEC-715888EFD510}.Debug|Any CPU.Build.0 = Debug|Any CPU
		{FB1D3F18-65BB-493C-8BEC-715888EFD510}.Debug|x64.ActiveCfg = Debug|Any CPU
		{FB1D3F18-65BB-493C-8BEC-715888EFD510}.Debug|x64.Build.0 = Debug|Any CPU
		{FB1D3F18-65BB-493C-8BEC-715888EFD510}.Debug|x86.ActiveCfg = Debug|Any CPU
		{FB1D3F18-65BB-493C-8BEC-715888EFD510}.Debug|x86.Build.0 = Debug|Any CPU
		{FB1D3F18-65BB-493C-8BEC-715888EFD510}.Release|Any CPU.ActiveCfg = Release|Any CPU
		{FB1D3F18-65BB-493C-8BEC-715888EFD510}.Release|Any CPU.Build.0 = Release|Any CPU
		{FB1D3F18-65BB-493C-8BEC-715888EFD510}.Release|x64.ActiveCfg = Release|Any CPU
		{FB1D3F18-65BB-493C-8BEC-715888EFD510}.Release|x64.Build.0 = Release|Any CPU
		{FB1D3F18-65BB-493C-8BEC-715888EFD510}.Release|x86.ActiveCfg = Release|Any CPU
		{FB1D3F18-65BB-493C-8BEC-715888EFD510}.Release|x86.Build.0 = Release|Any CPU
		{310406D9-54C1-409C-84E8-FA84677A6E01}.Debug|Any CPU.ActiveCfg = Debug|Any CPU
		{310406D9-54C1-409C-84E8-FA84677A6E01}.Debug|Any CPU.Build.0 = Debug|Any CPU
		{310406D9-54C1-409C-84E8-FA84677A6E01}.Debug|x64.ActiveCfg = Debug|Any CPU
		{310406D9-54C1-409C-84E8-FA84677A6E01}.Debug|x64.Build.0 = Debug|Any CPU
		{310406D9-54C1-409C-84E8-FA84677A6E01}.Debug|x86.ActiveCfg = Debug|Any CPU
		{310406D9-54C1-409C-84E8-FA84677A6E01}.Debug|x86.Build.0 = Debug|Any CPU
		{310406D9-54C1-409C-84E8-FA84677A6E01}.Release|Any CPU.ActiveCfg = Release|Any CPU
		{310406D9-54C1-409C-84E8-FA84677A6E01}.Release|Any CPU.Build.0 = Release|Any CPU
		{310406D9-54C1-409C-84E8-FA84677A6E01}.Release|x64.ActiveCfg = Release|Any CPU
		{310406D9-54C1-409C-84E8-FA84677A6E01}.Release|x64.Build.0 = Release|Any CPU
		{310406D9-54C1-409C-84E8-FA84677A6E01}.Release|x86.ActiveCfg = Release|Any CPU
		{310406D9-54C1-409C-84E8-FA84677A6E01}.Release|x86.Build.0 = Release|Any CPU
		{3BBB8E6E-FB13-4076-B018-6E951E1E842F}.Debug|Any CPU.ActiveCfg = Debug|Any CPU
		{3BBB8E6E-FB13-4076-B018-6E951E1E842F}.Debug|Any CPU.Build.0 = Debug|Any CPU
		{3BBB8E6E-FB13-4076-B018-6E951E1E842F}.Debug|x64.ActiveCfg = Debug|Any CPU
		{3BBB8E6E-FB13-4076-B018-6E951E1E842F}.Debug|x64.Build.0 = Debug|Any CPU
		{3BBB8E6E-FB13-4076-B018-6E951E1E842F}.Debug|x86.ActiveCfg = Debug|Any CPU
		{3BBB8E6E-FB13-4076-B018-6E951E1E842F}.Debug|x86.Build.0 = Debug|Any CPU
		{3BBB8E6E-FB13-4076-B018-6E951E1E842F}.Release|Any CPU.ActiveCfg = Release|Any CPU
		{3BBB8E6E-FB13-4076-B018-6E951E1E842F}.Release|Any CPU.Build.0 = Release|Any CPU
		{3BBB8E6E-FB13-4076-B018-6E951E1E842F}.Release|x64.ActiveCfg = Release|Any CPU
		{3BBB8E6E-FB13-4076-B018-6E951E1E842F}.Release|x64.Build.0 = Release|Any CPU
		{3BBB8E6E-FB13-4076-B018-6E951E1E842F}.Release|x86.ActiveCfg = Release|Any CPU
		{3BBB8E6E-FB13-4076-B018-6E951E1E842F}.Release|x86.Build.0 = Release|Any CPU
		{6D77B9CD-F525-4789-B8AE-62DB165C9FF9}.Debug|Any CPU.ActiveCfg = Debug|Any CPU
		{6D77B9CD-F525-4789-B8AE-62DB165C9FF9}.Debug|Any CPU.Build.0 = Debug|Any CPU
		{6D77B9CD-F525-4789-B8AE-62DB165C9FF9}.Debug|x64.ActiveCfg = Debug|Any CPU
		{6D77B9CD-F525-4789-B8AE-62DB165C9FF9}.Debug|x64.Build.0 = Debug|Any CPU
		{6D77B9CD-F525-4789-B8AE-62DB165C9FF9}.Debug|x86.ActiveCfg = Debug|Any CPU
		{6D77B9CD-F525-4789-B8AE-62DB165C9FF9}.Debug|x86.Build.0 = Debug|Any CPU
		{6D77B9CD-F525-4789-B8AE-62DB165C9FF9}.Release|Any CPU.ActiveCfg = Release|Any CPU
		{6D77B9CD-F525-4789-B8AE-62DB165C9FF9}.Release|Any CPU.Build.0 = Release|Any CPU
		{6D77B9CD-F525-4789-B8AE-62DB165C9FF9}.Release|x64.ActiveCfg = Release|Any CPU
		{6D77B9CD-F525-4789-B8AE-62DB165C9FF9}.Release|x64.Build.0 = Release|Any CPU
		{6D77B9CD-F525-4789-B8AE-62DB165C9FF9}.Release|x86.ActiveCfg = Release|Any CPU
		{6D77B9CD-F525-4789-B8AE-62DB165C9FF9}.Release|x86.Build.0 = Release|Any CPU
		{A336DABF-C97A-4963-891A-2F3BBE4B6D29}.Debug|Any CPU.ActiveCfg = Debug|Any CPU
		{A336DABF-C97A-4963-891A-2F3BBE4B6D29}.Debug|Any CPU.Build.0 = Debug|Any CPU
		{A336DABF-C97A-4963-891A-2F3BBE4B6D29}.Debug|x64.ActiveCfg = Debug|Any CPU
		{A336DABF-C97A-4963-891A-2F3BBE4B6D29}.Debug|x64.Build.0 = Debug|Any CPU
		{A336DABF-C97A-4963-891A-2F3BBE4B6D29}.Debug|x86.ActiveCfg = Debug|Any CPU
		{A336DABF-C97A-4963-891A-2F3BBE4B6D29}.Debug|x86.Build.0 = Debug|Any CPU
		{A336DABF-C97A-4963-891A-2F3BBE4B6D29}.Release|Any CPU.ActiveCfg = Release|Any CPU
		{A336DABF-C97A-4963-891A-2F3BBE4B6D29}.Release|Any CPU.Build.0 = Release|Any CPU
		{A336DABF-C97A-4963-891A-2F3BBE4B6D29}.Release|x64.ActiveCfg = Release|Any CPU
		{A336DABF-C97A-4963-891A-2F3BBE4B6D29}.Release|x64.Build.0 = Release|Any CPU
		{A336DABF-C97A-4963-891A-2F3BBE4B6D29}.Release|x86.ActiveCfg = Release|Any CPU
		{A336DABF-C97A-4963-891A-2F3BBE4B6D29}.Release|x86.Build.0 = Release|Any CPU
		{193B266A-757C-4F78-ABAF-FB1E4DB77669}.Debug|Any CPU.ActiveCfg = Debug|Any CPU
		{193B266A-757C-4F78-ABAF-FB1E4DB77669}.Debug|Any CPU.Build.0 = Debug|Any CPU
		{193B266A-757C-4F78-ABAF-FB1E4DB77669}.Debug|x64.ActiveCfg = Debug|Any CPU
		{193B266A-757C-4F78-ABAF-FB1E4DB77669}.Debug|x64.Build.0 = Debug|Any CPU
		{193B266A-757C-4F78-ABAF-FB1E4DB77669}.Debug|x86.ActiveCfg = Debug|Any CPU
		{193B266A-757C-4F78-ABAF-FB1E4DB77669}.Debug|x86.Build.0 = Debug|Any CPU
		{193B266A-757C-4F78-ABAF-FB1E4DB77669}.Release|Any CPU.ActiveCfg = Release|Any CPU
		{193B266A-757C-4F78-ABAF-FB1E4DB77669}.Release|Any CPU.Build.0 = Release|Any CPU
		{193B266A-757C-4F78-ABAF-FB1E4DB77669}.Release|x64.ActiveCfg = Release|Any CPU
		{193B266A-757C-4F78-ABAF-FB1E4DB77669}.Release|x64.Build.0 = Release|Any CPU
		{193B266A-757C-4F78-ABAF-FB1E4DB77669}.Release|x86.ActiveCfg = Release|Any CPU
		{193B266A-757C-4F78-ABAF-FB1E4DB77669}.Release|x86.Build.0 = Release|Any CPU
	EndGlobalSection
	GlobalSection(SolutionProperties) = preSolution
		HideSolutionNode = FALSE
	EndGlobalSection
EndGlobal
